
Microsoft Visual Studio Solution File, Format Version 12.00
# Visual Studio for Mac
Project("{FAE04EC0-301F-11D3-BF4B-00C04F79EFBC}") = "Mogura", "Assembly-CSharp.csproj", "{05F628A7-4AB2-4259-FC8F-7920D0A1051E}"
EndProject
Project("{FAE04EC0-301F-11D3-BF4B-00C04F79EFBC}") = "Mogura", "Assembly-CSharp-Editor.csproj", "{80C7FFAD-8101-A895-2E7F-C56CEB2CBB8F}"
EndProject
Global
	GlobalSection(SolutionConfigurationPlatforms) = preSolution
		Debug|Any CPU = Debug|Any CPU
		Release|Any CPU = Release|Any CPU
	EndGlobalSection
	GlobalSection(ProjectConfigurationPlatforms) = postSolution
		{05F628A7-4AB2-4259-FC8F-7920D0A1051E}.Debug|Any CPU.ActiveCfg = Debug|Any CPU
		{05F628A7-4AB2-4259-FC8F-7920D0A1051E}.Debug|Any CPU.Build.0 = Debug|Any CPU
		{05F628A7-4AB2-4259-FC8F-7920D0A1051E}.Release|Any CPU.ActiveCfg = Release|Any CPU
		{05F628A7-4AB2-4259-FC8F-7920D0A1051E}.Release|Any CPU.Build.0 = Release|Any CPU
		{80C7FFAD-8101-A895-2E7F-C56CEB2CBB8F}.Debug|Any CPU.ActiveCfg = Debug|Any CPU
		{80C7FFAD-8101-A895-2E7F-C56CEB2CBB8F}.Debug|Any CPU.Build.0 = Debug|Any CPU
		{80C7FFAD-8101-A895-2E7F-C56CEB2CBB8F}.Release|Any CPU.ActiveCfg = Release|Any CPU
		{80C7FFAD-8101-A895-2E7F-C56CEB2CBB8F}.Release|Any CPU.Build.0 = Release|Any CPU
	EndGlobalSection
	GlobalSection(SolutionProperties) = preSolution
		HideSolutionNode = FALSE
	EndGlobalSection
EndGlobal
