# THIS IS AN AUTOGENERATED FILE. DO NOT EDIT THIS FILE DIRECTLY.
# yarn lockfile v1


"@umm/assetbundle_management@umm-projects/assetbundle_management#^1.0.0":
  version "1.4.1"
  resolved "https://codeload.github.com/umm-projects/assetbundle_management/tar.gz/369dda29124e22f0a586aeabe6958dcd6b956fdf"
  dependencies:
    "@umm/context_management" umm-projects/context_management#^1.0.0
    "@umm/scripts" umm-projects/scripts#^1.0.0
    "@umm/unirx" umm-projects/unirx#^2.0.0
    "@umm/unirx_observableunitywebrequest" umm-projects/unirx_observableunitywebrequest#^1.0.0

"@umm/cafu_core@umm-projects/cafu_core#^2.0.0":
  version "2.7.0"
  resolved "https://codeload.github.com/umm-projects/cafu_core/tar.gz/1424489e6fa1674606be4cfd1aa82b59d43b8194"
  dependencies:
    "@umm/scripts" umm-projects/scripts#^1.0.0
    "@umm/unirx" umm-projects/unirx#^2.0.0
    "@umm/unirx_observablelifecyclemonobehaviour" umm-projects/unirx_observablelifecyclemonobehaviour#^1.0.0

"@umm/cafu_music@github:umm-projects/cafu_music":
  version "1.5.0"
  resolved "https://codeload.github.com/umm-projects/cafu_music/tar.gz/e537979c04768fa309fc0d682a409bb0d3afd81c"
  dependencies:
    "@umm/cafu_core" umm-projects/cafu_core#^2.0.0
    "@umm/scripts" umm-projects/scripts#^1.0.0
    "@umm/unirx" umm-projects/unirx#^2.0.0
    "@umm/unirx_observablelifecyclemonobehaviour" umm-projects/unirx_observablelifecyclemonobehaviour#^1.0.0

"@umm/cafu_routing@umm-projects/cafu_routing":
  version "2.4.1"
  resolved "https://codeload.github.com/umm-projects/cafu_routing/tar.gz/8f17a18c195d041dae47345b515013e795bf5c76"
  dependencies:
    "@umm/assetbundle_management" umm-projects/assetbundle_management#^1.0.0
    "@umm/cafu_core" umm-projects/cafu_core#^2.0.0
    "@umm/context_management" umm-projects/context_management#^1.0.0
    "@umm/scene_attribute" umm-projects/scene_attribute#^1.0.0
    "@umm/scripts" umm-projects/scripts#^1.0.0
    "@umm/unirx" umm-projects/unirx#^2.0.0
    "@umm/unirx_observablelifecyclemonobehaviour" umm-projects/unirx_observablelifecyclemonobehaviour#^1.0.0

"@umm/context_management@umm-projects/context_management#^1.0.0":
  version "1.5.0"
  resolved "https://codeload.github.com/umm-projects/context_management/tar.gz/d71a3d3d8134a3492624ee1d3a1b827e73fb1948"
  dependencies:
    "@umm/scripts" umm-projects/scripts#^1.0.0

"@umm/scene_attribute@umm-projects/scene_attribute#^1.0.0":
  version "1.2.1"
  resolved "https://codeload.github.com/umm-projects/scene_attribute/tar.gz/1be2316ad811df2014c1054494697d67c0922584"
  dependencies:
    "@umm/scripts" umm-projects/scripts#^1.0.0

"@umm/scripts@umm-projects/scripts#^1.0.0":
  version "1.3.2"
  resolved "https://codeload.github.com/umm-projects/scripts/tar.gz/5b15930c71ce5a9128a061c9ff523e5ea7055e21"
  dependencies:
    glob "^7.1.2"
    ignore-walk "^3.0.1"
    mkdirp "^0.5.1"

"@umm/unirx@umm-projects/unirx#^2.0.0":
  version "2.1.0"
  resolved "https://codeload.github.com/umm-projects/unirx/tar.gz/4b44eeb9a0b8f523c309eb37ca69699f104e6a08"
  dependencies:
    "@umm/scripts" umm-projects/scripts#^1.0.0

"@umm/unirx_observablelifecyclemonobehaviour@umm-projects/unirx_observablelifecyclemonobehaviour#^1.0.0":
  version "1.2.0"
  resolved "https://codeload.github.com/umm-projects/unirx_observablelifecyclemonobehaviour/tar.gz/b1455f938397fd4f24d0289c7b343b0e2e6dd3bb"
  dependencies:
    "@umm/scripts" umm-projects/scripts#^1.0.0
    "@umm/unirx" umm-projects/unirx#^2.0.0

"@umm/unirx_observableunitywebrequest@umm-projects/unirx_observableunitywebrequest#^1.0.0":
  version "1.4.0"
  resolved "https://codeload.github.com/umm-projects/unirx_observableunitywebrequest/tar.gz/bf099b441dcc73da7446be986227903ed327d9df"
  dependencies:
    "@umm/scripts" umm-projects/scripts#^1.0.0
    "@umm/unirx" umm-projects/unirx#^2.0.0

balanced-match@^1.0.0:
  version "1.0.0"
  resolved "https://registry.yarnpkg.com/balanced-match/-/balanced-match-1.0.0.tgz#89b4d199ab2bee49de164ea02b89ce462d71b767"

brace-expansion@^1.1.7:
  version "1.1.11"
  resolved "https://registry.yarnpkg.com/brace-expansion/-/brace-expansion-1.1.11.tgz#3c7fcbf529d87226f3d2f52b966ff5271eb441dd"
  dependencies:
    balanced-match "^1.0.0"
    concat-map "0.0.1"

concat-map@0.0.1:
  version "0.0.1"
  resolved "https://registry.yarnpkg.com/concat-map/-/concat-map-0.0.1.tgz#d8a96bd77fd68df7793a73036a3ba0d5405d477b"

fs.realpath@^1.0.0:
  version "1.0.0"
  resolved "https://registry.yarnpkg.com/fs.realpath/-/fs.realpath-1.0.0.tgz#1504ad2523158caa40db4a2787cb01411994ea4f"

glob@^7.1.2:
  version "7.1.2"
  resolved "https://registry.yarnpkg.com/glob/-/glob-7.1.2.tgz#c19c9df9a028702d678612384a6552404c636d15"
  dependencies:
    fs.realpath "^1.0.0"
    inflight "^1.0.4"
    inherits "2"
    minimatch "^3.0.4"
    once "^1.3.0"
    path-is-absolute "^1.0.0"

ignore-walk@^3.0.1:
  version "3.0.1"
  resolved "https://registry.yarnpkg.com/ignore-walk/-/ignore-walk-3.0.1.tgz#a83e62e7d272ac0e3b551aaa82831a19b69f82f8"
  dependencies:
    minimatch "^3.0.4"

inflight@^1.0.4:
  version "1.0.6"
  resolved "https://registry.yarnpkg.com/inflight/-/inflight-1.0.6.tgz#49bd6331d7d02d0c09bc910a1075ba8165b56df9"
  dependencies:
    once "^1.3.0"
    wrappy "1"

inherits@2:
  version "2.0.3"
  resolved "https://registry.yarnpkg.com/inherits/-/inherits-2.0.3.tgz#633c2c83e3da42a502f52466022480f4208261de"

minimatch@^3.0.4:
  version "3.0.4"
  resolved "https://registry.yarnpkg.com/minimatch/-/minimatch-3.0.4.tgz#5166e286457f03306064be5497e8dbb0c3d32083"
  dependencies:
    brace-expansion "^1.1.7"

minimist@0.0.8:
  version "0.0.8"
  resolved "https://registry.yarnpkg.com/minimist/-/minimist-0.0.8.tgz#857fcabfc3397d2625b8228262e86aa7a011b05d"

mkdirp@^0.5.1:
  version "0.5.1"
  resolved "https://registry.yarnpkg.com/mkdirp/-/mkdirp-0.5.1.tgz#30057438eac6cf7f8c4767f38648d6697d75c903"
  dependencies:
    minimist "0.0.8"

once@^1.3.0:
  version "1.4.0"
  resolved "https://registry.yarnpkg.com/once/-/once-1.4.0.tgz#583b1aa775961d4b113ac17d9c50baef9dd76bd1"
  dependencies:
    wrappy "1"

path-is-absolute@^1.0.0:
  version "1.0.1"
  resolved "https://registry.yarnpkg.com/path-is-absolute/-/path-is-absolute-1.0.1.tgz#174b9268735534ffbc7ace6bf53a5a9e1b5c5f5f"

wrappy@1:
  version "1.0.2"
  resolved "https://registry.yarnpkg.com/wrappy/-/wrappy-1.0.2.tgz#b5243d8f3ec1aa35f1364605bc0d1036e30ab69f"
